
Microsoft Visual Studio Solution File, Format Version 12.00
# Visual Studio Version 16
VisualStudioVersion = 16.0.31220.234
MinimumVisualStudioVersion = 10.0.40219.1
Project("{FAE04EC0-301F-11D3-BF4B-00C04F79EFBC}") = "cube", "cube\cube.csproj", "{7FA3D621-86B0-4FA7-AD31-602A0559B76A}"
EndProject
Project("{FAE04EC0-301F-11D3-BF4B-00C04F79EFBC}") = "Celin.UBE", "Celin.UBE\Celin.UBE.csproj", "{1F0672CA-E657-44C3-859B-A409A97BC326}"
EndProject
Project("{FAE04EC0-301F-11D3-BF4B-00C04F79EFBC}") = "Testing", "Testing\Testing.csproj", "{DBBCAC67-B24D-40A9-9FEA-224F59A4FB15}"
EndProject
Global
	GlobalSection(SolutionConfigurationPlatforms) = preSolution
		Debug|Any CPU = Debug|Any CPU
		Release|Any CPU = Release|Any CPU
	EndGlobalSection
	GlobalSection(ProjectConfigurationPlatforms) = postSolution
		{7FA3D621-86B0-4FA7-AD31-602A0559B76A}.Debug|Any CPU.ActiveCfg = Debug|Any CPU
		{7FA3D621-86B0-4FA7-AD31-602A0559B76A}.Debug|Any CPU.Build.0 = Debug|Any CPU
		{7FA3D621-86B0-4FA7-AD31-602A0559B76A}.Release|Any CPU.ActiveCfg = Release|Any CPU
		{7FA3D621-86B0-4FA7-AD31-602A0559B76A}.Release|Any CPU.Build.0 = Release|Any CPU
		{1F0672CA-E657-44C3-859B-A409A97BC326}.Debug|Any CPU.ActiveCfg = Debug|Any CPU
		{1F0672CA-E657-44C3-859B-A409A97BC326}.Debug|Any CPU.Build.0 = Debug|Any CPU
		{1F0672CA-E657-44C3-859B-A409A97BC326}.Release|Any CPU.ActiveCfg = Release|Any CPU
		{1F0672CA-E657-44C3-859B-A409A97BC326}.Release|Any CPU.Build.0 = Release|Any CPU
		{DBBCAC67-B24D-40A9-9FEA-224F59A4FB15}.Debug|Any CPU.ActiveCfg = Debug|Any CPU
		{DBBCAC67-B24D-40A9-9FEA-224F59A4FB15}.Debug|Any CPU.Build.0 = Debug|Any CPU
		{DBBCAC67-B24D-40A9-9FEA-224F59A4FB15}.Release|Any CPU.ActiveCfg = Release|Any CPU
		{DBBCAC67-B24D-40A9-9FEA-224F59A4FB15}.Release|Any CPU.Build.0 = Release|Any CPU
	EndGlobalSection
	GlobalSection(SolutionProperties) = preSolution
		HideSolutionNode = FALSE
	EndGlobalSection
	GlobalSection(ExtensibilityGlobals) = postSolution
		SolutionGuid = {DE288217-8BC0-4AA7-A546-6BDF5F3C50FE}
	EndGlobalSection
EndGlobal
